{
  "nodes": {
    "nixpkgs": {
      "locked": {
        "lastModified": 1773282714,
        "narHash": "sha256-at2PNNVNoTfXBe3bA6pgff+CKOwdBWUZCUBIfXGrXsU=",
        "owner": "nixos",
        "repo": "nixpkgs",
        "rev": "a8556879c286b4a40a717a416ae61818c26d1ac8",
        "type": "github"
      },
      "original": {
        "owner": "nixos",
        "ref": "nixpkgs-25.11-darwin",
        "repo": "nixpkgs",
        "type": "github"
      }
    },
    "root": {
      "inputs": {
        "nixpkgs": "nixpkgs"
      }
    }
  },
  "root": "root",
  "version": 7
}
